
Microsoft Visual Studio Solution File, Format Version 12.00
# Visual Studio Version 16
VisualStudioVersion = 16.0.29519.87
MinimumVisualStudioVersion = 10.0.40219.1
Project("{FAE04EC0-301F-11D3-BF4B-00C04F79EFBC}") = "ImageHosting", "ImageHosting\ImageHosting.csproj", "{671EF186-08BA-48C0-AED8-31CB42EDCBA1}"
EndProject
Global
	GlobalSection(SolutionConfigurationPlatforms) = preSolution
		Debug|Any CPU = Debug|Any CPU
		Release|Any CPU = Release|Any CPU
	EndGlobalSection
	GlobalSection(ProjectConfigurationPlatforms) = postSolution
		{671EF186-08BA-48C0-AED8-31CB42EDCBA1}.Debug|Any CPU.ActiveCfg = Debug|Any CPU
		{671EF186-08BA-48C0-AED8-31CB42EDCBA1}.Debug|Any CPU.Build.0 = Debug|Any CPU
		{671EF186-08BA-48C0-AED8-31CB42EDCBA1}.Release|Any CPU.ActiveCfg = Release|Any CPU
		{671EF186-08BA-48C0-AED8-31CB42EDCBA1}.Release|Any CPU.Build.0 = Release|Any CPU
	EndGlobalSection
	GlobalSection(SolutionProperties) = preSolution
		HideSolutionNode = FALSE
	EndGlobalSection
	GlobalSection(ExtensibilityGlobals) = postSolution
		SolutionGuid = {EC347B48-7390-40F3-8121-AEA6878F1CD3}
	EndGlobalSection
EndGlobal
